
Microsoft Visual Studio Solution File, Format Version 12.00
# Visual Studio Version 16
VisualStudioVersion = 16.0.33027.164
MinimumVisualStudioVersion = 10.0.40219.1
Project("{FAE04EC0-301F-11D3-BF4B-00C04F79EFBC}") = "Daily_Report", "Daily_Report\Daily_Report.csproj", "{81BD377E-C5A3-4F8B-843E-9A198AEB8AFC}"
EndProject
Global
	GlobalSection(SolutionConfigurationPlatforms) = preSolution
		Debug|Any CPU = Debug|Any CPU
		Release|Any CPU = Release|Any CPU
	EndGlobalSection
	GlobalSection(ProjectConfigurationPlatforms) = postSolution
		{81BD377E-C5A3-4F8B-843E-9A198AEB8AFC}.Debug|Any CPU.ActiveCfg = Debug|Any CPU
		{81BD377E-C5A3-4F8B-843E-9A198AEB8AFC}.Debug|Any CPU.Build.0 = Debug|Any CPU
		{81BD377E-C5A3-4F8B-843E-9A198AEB8AFC}.Release|Any CPU.ActiveCfg = Release|Any CPU
		{81BD377E-C5A3-4F8B-843E-9A198AEB8AFC}.Release|Any CPU.Build.0 = Release|Any CPU
	EndGlobalSection
	GlobalSection(SolutionProperties) = preSolution
		HideSolutionNode = FALSE
	EndGlobalSection
	GlobalSection(ExtensibilityGlobals) = postSolution
		SolutionGuid = {8EE88150-F729-42B4-B493-F599CE47B531}
	EndGlobalSection
EndGlobal
