
Microsoft Visual Studio Solution File, Format Version 12.00
# Visual Studio Version 16
VisualStudioVersion = 16.0.33027.164
MinimumVisualStudioVersion = 10.0.40219.1
Project("{FAE04EC0-301F-11D3-BF4B-00C04F79EFBC}") = "Abstract_Class", "Abstract_Class\Abstract_Class.csproj", "{819EC5EE-568D-43AC-B5BA-0699E486E7FC}"
EndProject
Global
	GlobalSection(SolutionConfigurationPlatforms) = preSolution
		Debug|Any CPU = Debug|Any CPU
		Release|Any CPU = Release|Any CPU
	EndGlobalSection
	GlobalSection(ProjectConfigurationPlatforms) = postSolution
		{819EC5EE-568D-43AC-B5BA-0699E486E7FC}.Debug|Any CPU.ActiveCfg = Debug|Any CPU
		{819EC5EE-568D-43AC-B5BA-0699E486E7FC}.Debug|Any CPU.Build.0 = Debug|Any CPU
		{819EC5EE-568D-43AC-B5BA-0699E486E7FC}.Release|Any CPU.ActiveCfg = Release|Any CPU
		{819EC5EE-568D-43AC-B5BA-0699E486E7FC}.Release|Any CPU.Build.0 = Release|Any CPU
	EndGlobalSection
	GlobalSection(SolutionProperties) = preSolution
		HideSolutionNode = FALSE
	EndGlobalSection
	GlobalSection(ExtensibilityGlobals) = postSolution
		SolutionGuid = {50B72C00-2866-45BD-BB54-DD089066E6B8}
	EndGlobalSection
EndGlobal
