
Microsoft Visual Studio Solution File, Format Version 12.00
# Visual Studio Version 16
VisualStudioVersion = 16.0.33130.400
MinimumVisualStudioVersion = 10.0.40219.1
Project("{FAE04EC0-301F-11D3-BF4B-00C04F79EFBC}") = "Constructor_Submission", "Constructor_Submission\Constructor_Submission.csproj", "{AB3FAC1F-E458-470F-88F5-B85FB902E810}"
EndProject
Global
	GlobalSection(SolutionConfigurationPlatforms) = preSolution
		Debug|Any CPU = Debug|Any CPU
		Release|Any CPU = Release|Any CPU
	EndGlobalSection
	GlobalSection(ProjectConfigurationPlatforms) = postSolution
		{AB3FAC1F-E458-470F-88F5-B85FB902E810}.Debug|Any CPU.ActiveCfg = Debug|Any CPU
		{AB3FAC1F-E458-470F-88F5-B85FB902E810}.Debug|Any CPU.Build.0 = Debug|Any CPU
		{AB3FAC1F-E458-470F-88F5-B85FB902E810}.Release|Any CPU.ActiveCfg = Release|Any CPU
		{AB3FAC1F-E458-470F-88F5-B85FB902E810}.Release|Any CPU.Build.0 = Release|Any CPU
	EndGlobalSection
	GlobalSection(SolutionProperties) = preSolution
		HideSolutionNode = FALSE
	EndGlobalSection
	GlobalSection(ExtensibilityGlobals) = postSolution
		SolutionGuid = {1E6E9F92-9ABA-4815-BD7A-A571DB80F855}
	EndGlobalSection
EndGlobal
