
Microsoft Visual Studio Solution File, Format Version 12.00
# Visual Studio Version 16
VisualStudioVersion = 16.0.33130.400
MinimumVisualStudioVersion = 10.0.40219.1
Project("{FAE04EC0-301F-11D3-BF4B-00C04F79EFBC}") = "Parsing_Enums", "Parsing_Enums\Parsing_Enums.csproj", "{6FA55611-3F64-4F70-AC15-688AC45374F1}"
EndProject
Global
	GlobalSection(SolutionConfigurationPlatforms) = preSolution
		Debug|Any CPU = Debug|Any CPU
		Release|Any CPU = Release|Any CPU
	EndGlobalSection
	GlobalSection(ProjectConfigurationPlatforms) = postSolution
		{6FA55611-3F64-4F70-AC15-688AC45374F1}.Debug|Any CPU.ActiveCfg = Debug|Any CPU
		{6FA55611-3F64-4F70-AC15-688AC45374F1}.Debug|Any CPU.Build.0 = Debug|Any CPU
		{6FA55611-3F64-4F70-AC15-688AC45374F1}.Release|Any CPU.ActiveCfg = Release|Any CPU
		{6FA55611-3F64-4F70-AC15-688AC45374F1}.Release|Any CPU.Build.0 = Release|Any CPU
	EndGlobalSection
	GlobalSection(SolutionProperties) = preSolution
		HideSolutionNode = FALSE
	EndGlobalSection
	GlobalSection(ExtensibilityGlobals) = postSolution
		SolutionGuid = {316B61ED-0E8B-4367-ACD7-5CDCF433D30E}
	EndGlobalSection
EndGlobal
