
Microsoft Visual Studio Solution File, Format Version 12.00
# Visual Studio Version 16
VisualStudioVersion = 16.0.33130.400
MinimumVisualStudioVersion = 10.0.40219.1
Project("{FAE04EC0-301F-11D3-BF4B-00C04F79EFBC}") = "Overloaded_Operators", "Overloaded_Operators\Overloaded_Operators.csproj", "{D6F2B54E-7A95-41A6-87B5-2FF3039DEDD4}"
EndProject
Global
	GlobalSection(SolutionConfigurationPlatforms) = preSolution
		Debug|Any CPU = Debug|Any CPU
		Release|Any CPU = Release|Any CPU
	EndGlobalSection
	GlobalSection(ProjectConfigurationPlatforms) = postSolution
		{D6F2B54E-7A95-41A6-87B5-2FF3039DEDD4}.Debug|Any CPU.ActiveCfg = Debug|Any CPU
		{D6F2B54E-7A95-41A6-87B5-2FF3039DEDD4}.Debug|Any CPU.Build.0 = Debug|Any CPU
		{D6F2B54E-7A95-41A6-87B5-2FF3039DEDD4}.Release|Any CPU.ActiveCfg = Release|Any CPU
		{D6F2B54E-7A95-41A6-87B5-2FF3039DEDD4}.Release|Any CPU.Build.0 = Release|Any CPU
	EndGlobalSection
	GlobalSection(SolutionProperties) = preSolution
		HideSolutionNode = FALSE
	EndGlobalSection
	GlobalSection(ExtensibilityGlobals) = postSolution
		SolutionGuid = {5F3DAEB7-D334-4A2B-9664-97F71CFCBF61}
	EndGlobalSection
EndGlobal
