
Microsoft Visual Studio Solution File, Format Version 12.00
# Visual Studio Version 16
VisualStudioVersion = 16.0.33027.164
MinimumVisualStudioVersion = 10.0.40219.1
Project("{FAE04EC0-301F-11D3-BF4B-00C04F79EFBC}") = "Method_Class", "Method_Class\Method_Class.csproj", "{8C42E868-B46E-462C-830D-1A86BEB0C2B2}"
EndProject
Global
	GlobalSection(SolutionConfigurationPlatforms) = preSolution
		Debug|Any CPU = Debug|Any CPU
		Release|Any CPU = Release|Any CPU
	EndGlobalSection
	GlobalSection(ProjectConfigurationPlatforms) = postSolution
		{8C42E868-B46E-462C-830D-1A86BEB0C2B2}.Debug|Any CPU.ActiveCfg = Debug|Any CPU
		{8C42E868-B46E-462C-830D-1A86BEB0C2B2}.Debug|Any CPU.Build.0 = Debug|Any CPU
		{8C42E868-B46E-462C-830D-1A86BEB0C2B2}.Release|Any CPU.ActiveCfg = Release|Any CPU
		{8C42E868-B46E-462C-830D-1A86BEB0C2B2}.Release|Any CPU.Build.0 = Release|Any CPU
	EndGlobalSection
	GlobalSection(SolutionProperties) = preSolution
		HideSolutionNode = FALSE
	EndGlobalSection
	GlobalSection(ExtensibilityGlobals) = postSolution
		SolutionGuid = {277A8CD0-727D-441E-ADDB-DCD76791678B}
	EndGlobalSection
EndGlobal
