
Microsoft Visual Studio Solution File, Format Version 12.00
# Visual Studio Version 16
VisualStudioVersion = 16.0.33027.164
MinimumVisualStudioVersion = 10.0.40219.1
Project("{FAE04EC0-301F-11D3-BF4B-00C04F79EFBC}") = "Methods_and_Objects", "Methods_and_Objects\Methods_and_Objects.csproj", "{CFE6CD72-E80D-4ECA-9B67-BF490CCC739F}"
EndProject
Global
	GlobalSection(SolutionConfigurationPlatforms) = preSolution
		Debug|Any CPU = Debug|Any CPU
		Release|Any CPU = Release|Any CPU
	EndGlobalSection
	GlobalSection(ProjectConfigurationPlatforms) = postSolution
		{CFE6CD72-E80D-4ECA-9B67-BF490CCC739F}.Debug|Any CPU.ActiveCfg = Debug|Any CPU
		{CFE6CD72-E80D-4ECA-9B67-BF490CCC739F}.Debug|Any CPU.Build.0 = Debug|Any CPU
		{CFE6CD72-E80D-4ECA-9B67-BF490CCC739F}.Release|Any CPU.ActiveCfg = Release|Any CPU
		{CFE6CD72-E80D-4ECA-9B67-BF490CCC739F}.Release|Any CPU.Build.0 = Release|Any CPU
	EndGlobalSection
	GlobalSection(SolutionProperties) = preSolution
		HideSolutionNode = FALSE
	EndGlobalSection
	GlobalSection(ExtensibilityGlobals) = postSolution
		SolutionGuid = {20F60F7E-0806-4CC2-AD28-E60DFD56E760}
	EndGlobalSection
EndGlobal
